
Microsoft Visual Studio Solution File, Format Version 12.00
# Visual Studio Version 17
VisualStudioVersion = 17.10.35122.118
MinimumVisualStudioVersion = 10.0.40219.1
Project("{9A19103F-16F7-4668-BE54-9A1E7A4F7556}") = "ZoFo", "ZoFo\ZoFo.csproj", "{D63272E5-A54D-4C24-AA48-2945CB1D0BBB}"
EndProject
Project("{9A19103F-16F7-4668-BE54-9A1E7A4F7556}") = "MonogameLibrary", "MonogameLibrary\MonogameLibrary.csproj", "{40880E68-4B3A-417B-A39B-95DE46AA2E7E}"
EndProject
Project("{FAE04EC0-301F-11D3-BF4B-00C04F79EFBC}") = "AnimationsFileCreator", "AnimationsFileCreator\AnimationsFileCreator.csproj", "{7B143D5C-5198-4ADE-9291-ECC924B78633}"
EndProject
Global
	GlobalSection(SolutionConfigurationPlatforms) = preSolution
		Debug|Any CPU = Debug|Any CPU
		Release|Any CPU = Release|Any CPU
	EndGlobalSection
	GlobalSection(ProjectConfigurationPlatforms) = postSolution
		{D63272E5-A54D-4C24-AA48-2945CB1D0BBB}.Debug|Any CPU.ActiveCfg = Debug|Any CPU
		{D63272E5-A54D-4C24-AA48-2945CB1D0BBB}.Debug|Any CPU.Build.0 = Debug|Any CPU
		{D63272E5-A54D-4C24-AA48-2945CB1D0BBB}.Release|Any CPU.ActiveCfg = Release|Any CPU
		{D63272E5-A54D-4C24-AA48-2945CB1D0BBB}.Release|Any CPU.Build.0 = Release|Any CPU
		{40880E68-4B3A-417B-A39B-95DE46AA2E7E}.Debug|Any CPU.ActiveCfg = Debug|Any CPU
		{40880E68-4B3A-417B-A39B-95DE46AA2E7E}.Debug|Any CPU.Build.0 = Debug|Any CPU
		{40880E68-4B3A-417B-A39B-95DE46AA2E7E}.Release|Any CPU.ActiveCfg = Release|Any CPU
		{40880E68-4B3A-417B-A39B-95DE46AA2E7E}.Release|Any CPU.Build.0 = Release|Any CPU
		{7B143D5C-5198-4ADE-9291-ECC924B78633}.Debug|Any CPU.ActiveCfg = Debug|Any CPU
		{7B143D5C-5198-4ADE-9291-ECC924B78633}.Debug|Any CPU.Build.0 = Debug|Any CPU
		{7B143D5C-5198-4ADE-9291-ECC924B78633}.Release|Any CPU.ActiveCfg = Release|Any CPU
		{7B143D5C-5198-4ADE-9291-ECC924B78633}.Release|Any CPU.Build.0 = Release|Any CPU
	EndGlobalSection
	GlobalSection(SolutionProperties) = preSolution
		HideSolutionNode = FALSE
	EndGlobalSection
EndGlobal
