
Microsoft Visual Studio Solution File, Format Version 12.00
Project("{FAE04EC0-301F-11D3-BF4B-00C04F79EFBC}") = "ZoFo", "ZoFo\ZoFo.csproj", "{D63272E5-A54D-4C24-AA48-2945CB1D0BBB}"
EndProject
Project("{FAE04EC0-301F-11D3-BF4B-00C04F79EFBC}") = "MonogameLibrary", "MonogameLibrary\MonogameLibrary.csproj", "{D6272E15-AD49-468A-BE0F-D812E8697FAC}"
EndProject
Global
	GlobalSection(SolutionConfigurationPlatforms) = preSolution
		Debug|Any CPU = Debug|Any CPU
		Release|Any CPU = Release|Any CPU
	EndGlobalSection
	GlobalSection(ProjectConfigurationPlatforms) = postSolution
		{D63272E5-A54D-4C24-AA48-2945CB1D0BBB}.Debug|Any CPU.ActiveCfg = Debug|Any CPU
		{D63272E5-A54D-4C24-AA48-2945CB1D0BBB}.Debug|Any CPU.Build.0 = Debug|Any CPU
		{D63272E5-A54D-4C24-AA48-2945CB1D0BBB}.Release|Any CPU.ActiveCfg = Release|Any CPU
		{D63272E5-A54D-4C24-AA48-2945CB1D0BBB}.Release|Any CPU.Build.0 = Release|Any CPU
		{D6272E15-AD49-468A-BE0F-D812E8697FAC}.Debug|Any CPU.ActiveCfg = Debug|Any CPU
		{D6272E15-AD49-468A-BE0F-D812E8697FAC}.Debug|Any CPU.Build.0 = Debug|Any CPU
		{D6272E15-AD49-468A-BE0F-D812E8697FAC}.Release|Any CPU.ActiveCfg = Release|Any CPU
		{D6272E15-AD49-468A-BE0F-D812E8697FAC}.Release|Any CPU.Build.0 = Release|Any CPU
	EndGlobalSection
EndGlobal
